// !$*UTF8*$!
{
	archiveVersion = 1;
	classes = {
	};
	objectVersion = 46;
	objects = {

/* Begin PBXBuildFile section */
		9BFFD36D1D2A3667006C5BC1 /* AppDelegate.swift in Sources */ = {isa = PBXBuildFile; fileRef = 9BFFD36C1D2A3667006C5BC1 /* AppDelegate.swift */; };
		9BFFD36F1D2A3667006C5BC1 /* ViewController.swift in Sources */ = {isa = PBXBuildFile; fileRef = 9BFFD36E1D2A3667006C5BC1 /* ViewController.swift */; };
		9BFFD3721D2A3667006C5BC1 /* Main.storyboard in Resources */ = {isa = PBXBuildFile; fileRef = 9BFFD3701D2A3667006C5BC1 /* Main.storyboard */; };
		9BFFD3741D2A3667006C5BC1 /* Assets.xcassets in Resources */ = {isa = PBXBuildFile; fileRef = 9BFFD3731D2A3667006C5BC1 /* Assets.xcassets */; };
		9BFFD3771D2A3667006C5BC1 /* LaunchScreen.storyboard in Resources */ = {isa = PBXBuildFile; fileRef = 9BFFD3751D2A3667006C5BC1 /* LaunchScreen.storyboard */; };
		9BFFD3821D2A3667006C5BC1 /* JSPatchFrameworkSwiftTests.swift in Sources */ = {isa = PBXBuildFile; fileRef = 9BFFD3811D2A3667006C5BC1 /* JSPatchFrameworkSwiftTests.swift */; };
		9BFFD38D1D2A3667006C5BC1 /* JSPatchFrameworkSwiftUITests.swift in Sources */ = {isa = PBXBuildFile; fileRef = 9BFFD38C1D2A3667006C5BC1 /* JSPatchFrameworkSwiftUITests.swift */; };
		9BFFD3E01D2A379A006C5BC1 /* JSPatch.framework in Frameworks */ = {isa = PBXBuildFile; fileRef = 9BFFD3DF1D2A379A006C5BC1 /* JSPatch.framework */; };
		9BFFD3E21D2A37AB006C5BC1 /* libz.tbd in Frameworks */ = {isa = PBXBuildFile; fileRef = 9BFFD3E11D2A37AB006C5BC1 /* libz.tbd */; };
		9BFFD3E41D2A37DA006C5BC1 /* JavaScriptCore.framework in Frameworks */ = {isa = PBXBuildFile; fileRef = 9BFFD3E31D2A37DA006C5BC1 /* JavaScriptCore.framework */; };
/* End PBXBuildFile section */

/* Begin PBXContainerItemProxy section */
		9BFFD37E1D2A3667006C5BC1 /* PBXContainerItemProxy */ = {
			isa = PBXContainerItemProxy;
			containerPortal = 9BFFD3611D2A3667006C5BC1 /* Project object */;
			proxyType = 1;
			remoteGlobalIDString = 9BFFD3681D2A3667006C5BC1;
			remoteInfo = JSPatchFrameworkSwift;
		};
		9BFFD3891D2A3667006C5BC1 /* PBXContainerItemProxy */ = {
			isa = PBXContainerItemProxy;
			containerPortal = 9BFFD3611D2A3667006C5BC1 /* Project object */;
			proxyType = 1;
			remoteGlobalIDString = 9BFFD3681D2A3667006C5BC1;
			remoteInfo = JSPatchFrameworkSwift;
		};
/* End PBXContainerItemProxy section */

/* Begin PBXFileReference section */
		9BFFD3691D2A3667006C5BC1 /* JSPatchFrameworkSwift.app */ = {isa = PBXFileReference; explicitFileType = wrapper.application; includeInIndex = 0; path = JSPatchFrameworkSwift.app; sourceTree = BUILT_PRODUCTS_DIR; };
		9BFFD36C1D2A3667006C5BC1 /* AppDelegate.swift */ = {isa = PBXFileReference; lastKnownFileType = sourcecode.swift; path = AppDelegate.swift; sourceTree = "<group>"; };
		9BFFD36E1D2A3667006C5BC1 /* ViewController.swift */ = {isa = PBXFileReference; lastKnownFileType = sourcecode.swift; path = ViewController.swift; sourceTree = "<group>"; };
		9BFFD3711D2A3667006C5BC1 /* Base */ = {isa = PBXFileReference; lastKnownFileType = file.storyboard; name = Base; path = Base.lproj/Main.storyboard; sourceTree = "<group>"; };
		9BFFD3731D2A3667006C5BC1 /* Assets.xcassets */ = {isa = PBXFileReference; lastKnownFileType = folder.assetcatalog; path = Assets.xcassets; sourceTree = "<group>"; };
		9BFFD3761D2A3667006C5BC1 /* Base */ = {isa = PBXFileReference; lastKnownFileType = file.storyboard; name = Base; path = Base.lproj/LaunchScreen.storyboard; sourceTree = "<group>"; };
		9BFFD3781D2A3667006C5BC1 /* Info.plist */ = {isa = PBXFileReference; lastKnownFileType = text.plist.xml; path = Info.plist; sourceTree = "<group>"; };
		9BFFD37D1D2A3667006C5BC1 /* JSPatchFrameworkSwiftTests.xctest */ = {isa = PBXFileReference; explicitFileType = wrapper.cfbundle; includeInIndex = 0; path = JSPatchFrameworkSwiftTests.xctest; sourceTree = BUILT_PRODUCTS_DIR; };
		9BFFD3811D2A3667006C5BC1 /* JSPatchFrameworkSwiftTests.swift */ = {isa = PBXFileReference; lastKnownFileType = sourcecode.swift; path = JSPatchFrameworkSwiftTests.swift; sourceTree = "<group>"; };
		9BFFD3831D2A3667006C5BC1 /* Info.plist */ = {isa = PBXFileReference; lastKnownFileType = text.plist.xml; path = Info.plist; sourceTree = "<group>"; };
		9BFFD3881D2A3667006C5BC1 /* JSPatchFrameworkSwiftUITests.xctest */ = {isa = PBXFileReference; explicitFileType = wrapper.cfbundle; includeInIndex = 0; path = JSPatchFrameworkSwiftUITests.xctest; sourceTree = BUILT_PRODUCTS_DIR; };
		9BFFD38C1D2A3667006C5BC1 /* JSPatchFrameworkSwiftUITests.swift */ = {isa = PBXFileReference; lastKnownFileType = sourcecode.swift; path = JSPatchFrameworkSwiftUITests.swift; sourceTree = "<group>"; };
		9BFFD38E1D2A3667006C5BC1 /* Info.plist */ = {isa = PBXFileReference; lastKnownFileType = text.plist.xml; path = Info.plist; sourceTree = "<group>"; };
		9BFFD3DF1D2A379A006C5BC1 /* JSPatch.framework */ = {isa = PBXFileReference; lastKnownFileType = wrapper.framework; path = JSPatch.framework; sourceTree = "<group>"; };
		9BFFD3E11D2A37AB006C5BC1 /* libz.tbd */ = {isa = PBXFileReference; lastKnownFileType = "sourcecode.text-based-dylib-definition"; name = libz.tbd; path = usr/lib/libz.tbd; sourceTree = SDKROOT; };
		9BFFD3E31D2A37DA006C5BC1 /* JavaScriptCore.framework */ = {isa = PBXFileReference; lastKnownFileType = wrapper.framework; name = JavaScriptCore.framework; path = System/Library/Frameworks/JavaScriptCore.framework; sourceTree = SDKROOT; };
		9BFFD3E51D2A3863006C5BC1 /* JSPatchFrameworkSwift-Bridging-Header.h */ = {isa = PBXFileReference; lastKnownFileType = sourcecode.c.h; path = "JSPatchFrameworkSwift-Bridging-Header.h"; sourceTree = "<group>"; };
/* End PBXFileReference section */

/* Begin PBXFrameworksBuildPhase section */
		9BFFD3661D2A3667006C5BC1 /* Frameworks */ = {
			isa = PBXFrameworksBuildPhase;
			buildActionMask = 2147483647;
			files = (
				9BFFD3E41D2A37DA006C5BC1 /* JavaScriptCore.framework in Frameworks */,
				9BFFD3E21D2A37AB006C5BC1 /* libz.tbd in Frameworks */,
				9BFFD3E01D2A379A006C5BC1 /* JSPatch.framework in Frameworks */,
			);
			runOnlyForDeploymentPostprocessing = 0;
		};
		9BFFD37A1D2A3667006C5BC1 /* Frameworks */ = {
			isa = PBXFrameworksBuildPhase;
			buildActionMask = 2147483647;
			files = (
			);
			runOnlyForDeploymentPostprocessing = 0;
		};
		9BFFD3851D2A3667006C5BC1 /* Frameworks */ = {
			isa = PBXFrameworksBuildPhase;
			buildActionMask = 2147483647;
			files = (
			);
			runOnlyForDeploymentPostprocessing = 0;
		};
/* End PBXFrameworksBuildPhase section */

/* Begin PBXGroup section */
		9BFFD3601D2A3667006C5BC1 = {
			isa = PBXGroup;
			children = (
				9BFFD3E31D2A37DA006C5BC1 /* JavaScriptCore.framework */,
				9BFFD3E11D2A37AB006C5BC1 /* libz.tbd */,
				9BFFD3DF1D2A379A006C5BC1 /* JSPatch.framework */,
				9BFFD36B1D2A3667006C5BC1 /* JSPatchFrameworkSwift */,
				9BFFD3801D2A3667006C5BC1 /* JSPatchFrameworkSwiftTests */,
				9BFFD38B1D2A3667006C5BC1 /* JSPatchFrameworkSwiftUITests */,
				9BFFD36A1D2A3667006C5BC1 /* Products */,
				9BFFD3E51D2A3863006C5BC1 /* JSPatchFrameworkSwift-Bridging-Header.h */,
			);
			sourceTree = "<group>";
		};
		9BFFD36A1D2A3667006C5BC1 /* Products */ = {
			isa = PBXGroup;
			children = (
				9BFFD3691D2A3667006C5BC1 /* JSPatchFrameworkSwift.app */,
				9BFFD37D1D2A3667006C5BC1 /* JSPatchFrameworkSwiftTests.xctest */,
				9BFFD3881D2A3667006C5BC1 /* JSPatchFrameworkSwiftUITests.xctest */,
			);
			name = Products;
			sourceTree = "<group>";
		};
		9BFFD36B1D2A3667006C5BC1 /* JSPatchFrameworkSwift */ = {
			isa = PBXGroup;
			children = (
				9BFFD36C1D2A3667006C5BC1 /* AppDelegate.swift */,
				9BFFD36E1D2A3667006C5BC1 /* ViewController.swift */,
				9BFFD3701D2A3667006C5BC1 /* Main.storyboard */,
				9BFFD3731D2A3667006C5BC1 /* Assets.xcassets */,
				9BFFD3751D2A3667006C5BC1 /* LaunchScreen.storyboard */,
				9BFFD3781D2A3667006C5BC1 /* Info.plist */,
			);
			path = JSPatchFrameworkSwift;
			sourceTree = "<group>";
		};
		9BFFD3801D2A3667006C5BC1 /* JSPatchFrameworkSwiftTests */ = {
			isa = PBXGroup;
			children = (
				9BFFD3811D2A3667006C5BC1 /* JSPatchFrameworkSwiftTests.swift */,
				9BFFD3831D2A3667006C5BC1 /* Info.plist */,
			);
			path = JSPatchFrameworkSwiftTests;
			sourceTree = "<group>";
		};
		9BFFD38B1D2A3667006C5BC1 /* JSPatchFrameworkSwiftUITests */ = {
			isa = PBXGroup;
			children = (
				9BFFD38C1D2A3667006C5BC1 /* JSPatchFrameworkSwiftUITests.swift */,
				9BFFD38E1D2A3667006C5BC1 /* Info.plist */,
			);
			path = JSPatchFrameworkSwiftUITests;
			sourceTree = "<group>";
		};
/* End PBXGroup section */

/* Begin PBXNativeTarget section */
		9BFFD3681D2A3667006C5BC1 /* JSPatchFrameworkSwift */ = {
			isa = PBXNativeTarget;
			buildConfigurationList = 9BFFD3911D2A3667006C5BC1 /* Build configuration list for PBXNativeTarget "JSPatchFrameworkSwift" */;
			buildPhases = (
				9BFFD3651D2A3667006C5BC1 /* Sources */,
				9BFFD3661D2A3667006C5BC1 /* Frameworks */,
				9BFFD3671D2A3667006C5BC1 /* Resources */,
			);
			buildRules = (
			);
			dependencies = (
			);
			name = JSPatchFrameworkSwift;
			productName = JSPatchFrameworkSwift;
			productReference = 9BFFD3691D2A3667006C5BC1 /* JSPatchFrameworkSwift.app */;
			productType = "com.apple.product-type.application";
		};
		9BFFD37C1D2A3667006C5BC1 /* JSPatchFrameworkSwiftTests */ = {
			isa = PBXNativeTarget;
			buildConfigurationList = 9BFFD3941D2A3667006C5BC1 /* Build configuration list for PBXNativeTarget "JSPatchFrameworkSwiftTests" */;
			buildPhases = (
				9BFFD3791D2A3667006C5BC1 /* Sources */,
				9BFFD37A1D2A3667006C5BC1 /* Frameworks */,
				9BFFD37B1D2A3667006C5BC1 /* Resources */,
			);
			buildRules = (
			);
			dependencies = (
				9BFFD37F1D2A3667006C5BC1 /* PBXTargetDependency */,
			);
			name = JSPatchFrameworkSwiftTests;
			productName = JSPatchFrameworkSwiftTests;
			productReference = 9BFFD37D1D2A3667006C5BC1 /* JSPatchFrameworkSwiftTests.xctest */;
			productType = "com.apple.product-type.bundle.unit-test";
		};
		9BFFD3871D2A3667006C5BC1 /* JSPatchFrameworkSwiftUITests */ = {
			isa = PBXNativeTarget;
			buildConfigurationList = 9BFFD3971D2A3667006C5BC1 /* Build configuration list for PBXNativeTarget "JSPatchFrameworkSwiftUITests" */;
			buildPhases = (
				9BFFD3841D2A3667006C5BC1 /* Sources */,
				9BFFD3851D2A3667006C5BC1 /* Frameworks */,
				9BFFD3861D2A3667006C5BC1 /* Resources */,
			);
			buildRules = (
			);
			dependencies = (
				9BFFD38A1D2A3667006C5BC1 /* PBXTargetDependency */,
			);
			name = JSPatchFrameworkSwiftUITests;
			productName = JSPatchFrameworkSwiftUITests;
			productReference = 9BFFD3881D2A3667006C5BC1 /* JSPatchFrameworkSwiftUITests.xctest */;
			productType = "com.apple.product-type.bundle.ui-testing";
		};
/* End PBXNativeTarget section */

/* Begin PBXProject section */
		9BFFD3611D2A3667006C5BC1 /* Project object */ = {
			isa = PBXProject;
			attributes = {
				LastSwiftUpdateCheck = 0730;
				LastUpgradeCheck = 0730;
				ORGANIZATIONNAME = "极客栈";
				TargetAttributes = {
					9BFFD3681D2A3667006C5BC1 = {
						CreatedOnToolsVersion = 7.3;
					};
					9BFFD37C1D2A3667006C5BC1 = {
						CreatedOnToolsVersion = 7.3;
						TestTargetID = 9BFFD3681D2A3667006C5BC1;
					};
					9BFFD3871D2A3667006C5BC1 = {
						CreatedOnToolsVersion = 7.3;
						TestTargetID = 9BFFD3681D2A3667006C5BC1;
					};
				};
			};
			buildConfigurationList = 9BFFD3641D2A3667006C5BC1 /* Build configuration list for PBXProject "JSPatchFrameworkSwift" */;
			compatibilityVersion = "Xcode 3.2";
			developmentRegion = English;
			hasScannedForEncodings = 0;
			knownRegions = (
				en,
				Base,
			);
			mainGroup = 9BFFD3601D2A3667006C5BC1;
			productRefGroup = 9BFFD36A1D2A3667006C5BC1 /* Products */;
			projectDirPath = "";
			projectRoot = "";
			targets = (
				9BFFD3681D2A3667006C5BC1 /* JSPatchFrameworkSwift */,
				9BFFD37C1D2A3667006C5BC1 /* JSPatchFrameworkSwiftTests */,
				9BFFD3871D2A3667006C5BC1 /* JSPatchFrameworkSwiftUITests */,
			);
		};
/* End PBXProject section */

/* Begin PBXResourcesBuildPhase section */
		9BFFD3671D2A3667006C5BC1 /* Resources */ = {
			isa = PBXResourcesBuildPhase;
			buildActionMask = 2147483647;
			files = (
				9BFFD3771D2A3667006C5BC1 /* LaunchScreen.storyboard in Resources */,
				9BFFD3741D2A3667006C5BC1 /* Assets.xcassets in Resources */,
				9BFFD3721D2A3667006C5BC1 /* Main.storyboard in Resources */,
			);
			runOnlyForDeploymentPostprocessing = 0;
		};
		9BFFD37B1D2A3667006C5BC1 /* Resources */ = {
			isa = PBXResourcesBuildPhase;
			buildActionMask = 2147483647;
			files = (
			);
			runOnlyForDeploymentPostprocessing = 0;
		};
		9BFFD3861D2A3667006C5BC1 /* Resources */ = {
			isa = PBXResourcesBuildPhase;
			buildActionMask = 2147483647;
			files = (
			);
			runOnlyForDeploymentPostprocessing = 0;
		};
/* End PBXResourcesBuildPhase section */

/* Begin PBXSourcesBuildPhase section */
		9BFFD3651D2A3667006C5BC1 /* Sources */ = {
			isa = PBXSourcesBuildPhase;
			buildActionMask = 2147483647;
			files = (
				9BFFD36F1D2A3667006C5BC1 /* ViewController.swift in Sources */,
				9BFFD36D1D2A3667006C5BC1 /* AppDelegate.swift in Sources */,
			);
			runOnlyForDeploymentPostprocessing = 0;
		};
		9BFFD3791D2A3667006C5BC1 /* Sources */ = {
			isa = PBXSourcesBuildPhase;
			buildActionMask = 2147483647;
			files = (
				9BFFD3821D2A3667006C5BC1 /* JSPatchFrameworkSwiftTests.swift in Sources */,
			);
			runOnlyForDeploymentPostprocessing = 0;
		};
		9BFFD3841D2A3667006C5BC1 /* Sources */ = {
			isa = PBXSourcesBuildPhase;
			buildActionMask = 2147483647;
			files = (
				9BFFD38D1D2A3667006C5BC1 /* JSPatchFrameworkSwiftUITests.swift in Sources */,
			);
			runOnlyForDeploymentPostprocessing = 0;
		};
/* End PBXSourcesBuildPhase section */

/* Begin PBXTargetDependency section */
		9BFFD37F1D2A3667006C5BC1 /* PBXTargetDependency */ = {
			isa = PBXTargetDependency;
			target = 9BFFD3681D2A3667006C5BC1 /* JSPatchFrameworkSwift */;
			targetProxy = 9BFFD37E1D2A3667006C5BC1 /* PBXContainerItemProxy */;
		};
		9BFFD38A1D2A3667006C5BC1 /* PBXTargetDependency */ = {
			isa = PBXTargetDependency;
			target = 9BFFD3681D2A3667006C5BC1 /* JSPatchFrameworkSwift */;
			targetProxy = 9BFFD3891D2A3667006C5BC1 /* PBXContainerItemProxy */;
		};
/* End PBXTargetDependency section */

/* Begin PBXVariantGroup section */
		9BFFD3701D2A3667006C5BC1 /* Main.storyboard */ = {
			isa = PBXVariantGroup;
			children = (
				9BFFD3711D2A3667006C5BC1 /* Base */,
			);
			name = Main.storyboard;
			sourceTree = "<group>";
		};
		9BFFD3751D2A3667006C5BC1 /* LaunchScreen.storyboard */ = {
			isa = PBXVariantGroup;
			children = (
				9BFFD3761D2A3667006C5BC1 /* Base */,
			);
			name = LaunchScreen.storyboard;
			sourceTree = "<group>";
		};
/* End PBXVariantGroup section */

/* Begin XCBuildConfiguration section */
		9BFFD38F1D2A3667006C5BC1 /* Debug */ = {
			isa = XCBuildConfiguration;
			buildSettings = {
				ALWAYS_SEARCH_USER_PATHS = NO;
				CLANG_ANALYZER_NONNULL = YES;
				CLANG_CXX_LANGUAGE_STANDARD = "gnu++0x";
				CLANG_CXX_LIBRARY = "libc++";
				CLANG_ENABLE_MODULES = YES;
				CLANG_ENABLE_OBJC_ARC = YES;
				CLANG_WARN_BOOL_CONVERSION = YES;
				CLANG_WARN_CONSTANT_CONVERSION = YES;
				CLANG_WARN_DIRECT_OBJC_ISA_USAGE = YES_ERROR;
				CLANG_WARN_EMPTY_BODY = YES;
				CLANG_WARN_ENUM_CONVERSION = YES;
				CLANG_WARN_INT_CONVERSION = YES;
				CLANG_WARN_OBJC_ROOT_CLASS = YES_ERROR;
				CLANG_WARN_UNREACHABLE_CODE = YES;
				CLANG_WARN__DUPLICATE_METHOD_MATCH = YES;
				"CODE_SIGN_IDENTITY[sdk=iphoneos*]" = "iPhone Developer";
				COPY_PHASE_STRIP = NO;
				DEBUG_INFORMATION_FORMAT = dwarf;
				ENABLE_STRICT_OBJC_MSGSEND = YES;
				ENABLE_TESTABILITY = YES;
				GCC_C_LANGUAGE_STANDARD = gnu99;
				GCC_DYNAMIC_NO_PIC = NO;
				GCC_NO_COMMON_BLOCKS = YES;
				GCC_OPTIMIZATION_LEVEL = 0;
				GCC_PREPROCESSOR_DEFINITIONS = (
					"DEBUG=1",
					"$(inherited)",
				);
				GCC_WARN_64_TO_32_BIT_CONVERSION = YES;
				GCC_WARN_ABOUT_RETURN_TYPE = YES_ERROR;
				GCC_WARN_UNDECLARED_SELECTOR = YES;
				GCC_WARN_UNINITIALIZED_AUTOS = YES_AGGRESSIVE;
				GCC_WARN_UNUSED_FUNCTION = YES;
				GCC_WARN_UNUSED_VARIABLE = YES;
				IPHONEOS_DEPLOYMENT_TARGET = 9.3;
				MTL_ENABLE_DEBUG_INFO = YES;
				ONLY_ACTIVE_ARCH = YES;
				SDKROOT = iphoneos;
				SWIFT_OPTIMIZATION_LEVEL = "-Onone";
				TARGETED_DEVICE_FAMILY = "1,2";
			};
			name = Debug;
		};
		9BFFD3901D2A3667006C5BC1 /* Release */ = {
			isa = XCBuildConfiguration;
			buildSettings = {
				ALWAYS_SEARCH_USER_PATHS = NO;
				CLANG_ANALYZER_NONNULL = YES;
				CLANG_CXX_LANGUAGE_STANDARD = "gnu++0x";
				CLANG_CXX_LIBRARY = "libc++";
				CLANG_ENABLE_MODULES = YES;
				CLANG_ENABLE_OBJC_ARC = YES;
				CLANG_WARN_BOOL_CONVERSION = YES;
				CLANG_WARN_CONSTANT_CONVERSION = YES;
				CLANG_WARN_DIRECT_OBJC_ISA_USAGE = YES_ERROR;
				CLANG_WARN_EMPTY_BODY = YES;
				CLANG_WARN_ENUM_CONVERSION = YES;
				CLANG_WARN_INT_CONVERSION = YES;
				CLANG_WARN_OBJC_ROOT_CLASS = YES_ERROR;
				CLANG_WARN_UNREACHABLE_CODE = YES;
				CLANG_WARN__DUPLICATE_METHOD_MATCH = YES;
				"CODE_SIGN_IDENTITY[sdk=iphoneos*]" = "iPhone Developer";
				COPY_PHASE_STRIP = NO;
				DEBUG_INFORMATION_FORMAT = "dwarf-with-dsym";
				ENABLE_NS_ASSERTIONS = NO;
				ENABLE_STRICT_OBJC_MSGSEND = YES;
				GCC_C_LANGUAGE_STANDARD = gnu99;
				GCC_NO_COMMON_BLOCKS = YES;
				GCC_WARN_64_TO_32_BIT_CONVERSION = YES;
				GCC_WARN_ABOUT_RETURN_TYPE = YES_ERROR;
				GCC_WARN_UNDECLARED_SELECTOR = YES;
				GCC_WARN_UNINITIALIZED_AUTOS = YES_AGGRESSIVE;
				GCC_WARN_UNUSED_FUNCTION = YES;
				GCC_WARN_UNUSED_VARIABLE = YES;
				IPHONEOS_DEPLOYMENT_TARGET = 9.3;
				MTL_ENABLE_DEBUG_INFO = NO;
				SDKROOT = iphoneos;
				TARGETED_DEVICE_FAMILY = "1,2";
				VALIDATE_PRODUCT = YES;
			};
			name = Release;
		};
		9BFFD3921D2A3667006C5BC1 /* Debug */ = {
			isa = XCBuildConfiguration;
			buildSettings = {
				ASSETCATALOG_COMPILER_APPICON_NAME = AppIcon;
				CLANG_ENABLE_MODULES = YES;
				FRAMEWORK_SEARCH_PATHS = (
					"$(inherited)",
					"$(PROJECT_DIR)",
				);
				INFOPLIST_FILE = JSPatchFrameworkSwift/Info.plist;
				IPHONEOS_DEPLOYMENT_TARGET = 7.0;
				LD_RUNPATH_SEARCH_PATHS = "$(inherited) @executable_path/Frameworks";
				PRODUCT_BUNDLE_IDENTIFIER = com.codinghacker.JSPatchFrameworkSwift;
				PRODUCT_NAME = "$(TARGET_NAME)";
				SWIFT_OBJC_BRIDGING_HEADER = "JSPatchFrameworkSwift-Bridging-Header.h";
				SWIFT_OPTIMIZATION_LEVEL = "-Onone";
				TARGETED_DEVICE_FAMILY = 1;
			};
			name = Debug;
		};
		9BFFD3931D2A3667006C5BC1 /* Release */ = {
			isa = XCBuildConfiguration;
			buildSettings = {
				ASSETCATALOG_COMPILER_APPICON_NAME = AppIcon;
				CLANG_ENABLE_MODULES = YES;
				FRAMEWORK_SEARCH_PATHS = (
					"$(inherited)",
					"$(PROJECT_DIR)",
				);
				INFOPLIST_FILE = JSPatchFrameworkSwift/Info.plist;
				IPHONEOS_DEPLOYMENT_TARGET = 7.0;
				LD_RUNPATH_SEARCH_PATHS = "$(inherited) @executable_path/Frameworks";
				PRODUCT_BUNDLE_IDENTIFIER = com.codinghacker.JSPatchFrameworkSwift;
				PRODUCT_NAME = "$(TARGET_NAME)";
				SWIFT_OBJC_BRIDGING_HEADER = "JSPatchFrameworkSwift-Bridging-Header.h";
				TARGETED_DEVICE_FAMILY = 1;
			};
			name = Release;
		};
		9BFFD3951D2A3667006C5BC1 /* Debug */ = {
			isa = XCBuildConfiguration;
			buildSettings = {
				BUNDLE_LOADER = "$(TEST_HOST)";
				INFOPLIST_FILE = JSPatchFrameworkSwiftTests/Info.plist;
				LD_RUNPATH_SEARCH_PATHS = "$(inherited) @executable_path/Frameworks @loader_path/Frameworks";
				PRODUCT_BUNDLE_IDENTIFIER = com.codinghacker.JSPatchFrameworkSwiftTests;
				PRODUCT_NAME = "$(TARGET_NAME)";
				TEST_HOST = "$(BUILT_PRODUCTS_DIR)/JSPatchFrameworkSwift.app/JSPatchFrameworkSwift";
			};
			name = Debug;
		};
		9BFFD3961D2A3667006C5BC1 /* Release */ = {
			isa = XCBuildConfiguration;
			buildSettings = {
				BUNDLE_LOADER = "$(TEST_HOST)";
				INFOPLIST_FILE = JSPatchFrameworkSwiftTests/Info.plist;
				LD_RUNPATH_SEARCH_PATHS = "$(inherited) @executable_path/Frameworks @loader_path/Frameworks";
				PRODUCT_BUNDLE_IDENTIFIER = com.codinghacker.JSPatchFrameworkSwiftTests;
				PRODUCT_NAME = "$(TARGET_NAME)";
				TEST_HOST = "$(BUILT_PRODUCTS_DIR)/JSPatchFrameworkSwift.app/JSPatchFrameworkSwift";
			};
			name = Release;
		};
		9BFFD3981D2A3667006C5BC1 /* Debug */ = {
			isa = XCBuildConfiguration;
			buildSettings = {
				INFOPLIST_FILE = JSPatchFrameworkSwiftUITests/Info.plist;
				LD_RUNPATH_SEARCH_PATHS = "$(inherited) @executable_path/Frameworks @loader_path/Frameworks";
				PRODUCT_BUNDLE_IDENTIFIER = com.codinghacker.JSPatchFrameworkSwiftUITests;
				PRODUCT_NAME = "$(TARGET_NAME)";
				TEST_TARGET_NAME = JSPatchFrameworkSwift;
			};
			name = Debug;
		};
		9BFFD3991D2A3667006C5BC1 /* Release */ = {
			isa = XCBuildConfiguration;
			buildSettings = {
				INFOPLIST_FILE = JSPatchFrameworkSwiftUITests/Info.plist;
				LD_RUNPATH_SEARCH_PATHS = "$(inherited) @executable_path/Frameworks @loader_path/Frameworks";
				PRODUCT_BUNDLE_IDENTIFIER = com.codinghacker.JSPatchFrameworkSwiftUITests;
				PRODUCT_NAME = "$(TARGET_NAME)";
				TEST_TARGET_NAME = JSPatchFrameworkSwift;
			};
			name = Release;
		};
/* End XCBuildConfiguration section */

/* Begin XCConfigurationList section */
		9BFFD3641D2A3667006C5BC1 /* Build configuration list for PBXProject "JSPatchFrameworkSwift" */ = {
			isa = XCConfigurationList;
			buildConfigurations = (
				9BFFD38F1D2A3667006C5BC1 /* Debug */,
				9BFFD3901D2A3667006C5BC1 /* Release */,
			);
			defaultConfigurationIsVisible = 0;
			defaultConfigurationName = Release;
		};
		9BFFD3911D2A3667006C5BC1 /* Build configuration list for PBXNativeTarget "JSPatchFrameworkSwift" */ = {
			isa = XCConfigurationList;
			buildConfigurations = (
				9BFFD3921D2A3667006C5BC1 /* Debug */,
				9BFFD3931D2A3667006C5BC1 /* Release */,
			);
			defaultConfigurationIsVisible = 0;
			defaultConfigurationName = Release;
		};
		9BFFD3941D2A3667006C5BC1 /* Build configuration list for PBXNativeTarget "JSPatchFrameworkSwiftTests" */ = {
			isa = XCConfigurationList;
			buildConfigurations = (
				9BFFD3951D2A3667006C5BC1 /* Debug */,
				9BFFD3961D2A3667006C5BC1 /* Release */,
			);
			defaultConfigurationIsVisible = 0;
			defaultConfigurationName = Release;
		};
		9BFFD3971D2A3667006C5BC1 /* Build configuration list for PBXNativeTarget "JSPatchFrameworkSwiftUITests" */ = {
			isa = XCConfigurationList;
			buildConfigurations = (
				9BFFD3981D2A3667006C5BC1 /* Debug */,
				9BFFD3991D2A3667006C5BC1 /* Release */,
			);
			defaultConfigurationIsVisible = 0;
			defaultConfigurationName = Release;
		};
/* End XCConfigurationList section */
	};
	rootObject = 9BFFD3611D2A3667006C5BC1 /* Project object */;
}
